{
  "version": 4,
  "terraform_version": "1.0.2",
  "serial": 94,
  "lineage": "eacc302d-86a2-8c37-016b-d03f79ed56f5",
  "outputs": {
    "host_name": {
      "value": [
        [
          "ec2-13-126-139-195.ap-south-1.compute.amazonaws.com"
        ]
      ],
      "type": [
        "tuple",
        [
          [
            "tuple",
            [
              "string"
            ]
          ]
        ]
      ]
    },
    "instance": {
      "value": "sg-0d920bf7e7979f62e",
      "type": "string"
    }
  },
  "resources": [
    {
      "mode": "data",
      "type": "aws_subnet_ids",
      "name": "subnets",
      "provider": "provider[\"registry.terraform.io/hashicorp/aws\"]",
      "instances": [
        {
          "schema_version": 0,
          "attributes": {
            "filter": null,
            "id": "vpc-8fc334e4",
            "ids": [
              "subnet-9be2a0d7",
              "subnet-bf1c00d7",
              "subnet-c579edbe"
            ],
            "tags": null,
            "vpc_id": "vpc-8fc334e4"
          },
          "sensitive_attributes": []
        }
      ]
    },
    {
      "mode": "managed",
      "type": "aws_ami_from_instance",
      "name": "nginx-wordpress",
      "provider": "provider[\"registry.terraform.io/hashicorp/aws\"]",
      "instances": [
        {
          "schema_version": 0,
          "attributes": {
            "architecture": "x86_64",
            "arn": "arn:aws:ec2:ap-south-1::image/ami-0482e37623cd2fb05",
            "description": "",
            "ebs_block_device": [
              {
                "delete_on_termination": true,
                "device_name": "/dev/sda1",
                "encrypted": false,
                "iops": 0,
                "snapshot_id": "snap-08b768c3ad42a221f",
                "throughput": 0,
                "volume_size": 8,
                "volume_type": "gp2"
              }
            ],
            "ena_support": true,
            "ephemeral_block_device": [
              {
                "device_name": "/dev/sdb",
                "virtual_name": "ephemeral0"
              },
              {
                "device_name": "/dev/sdc",
                "virtual_name": "ephemeral1"
              }
            ],
            "hypervisor": "xen",
            "id": "ami-0482e37623cd2fb05",
            "image_location": "532773623179/nginx-wordpress",
            "image_owner_alias": "",
            "image_type": "machine",
            "kernel_id": "",
            "manage_ebs_snapshots": true,
            "name": "nginx-wordpress",
            "owner_id": "532773623179",
            "platform": "",
            "platform_details": "Linux/UNIX",
            "public": false,
            "ramdisk_id": "",
            "root_device_name": "/dev/sda1",
            "root_snapshot_id": "snap-08b768c3ad42a221f",
            "snapshot_without_reboot": null,
            "source_instance_id": "i-06e6f24e45a76f01a",
            "sriov_net_support": "simple",
            "tags": null,
            "tags_all": {},
            "timeouts": null,
            "usage_operation": "RunInstances",
            "virtualization_type": "hvm"
          },
          "sensitive_attributes": [],
          "private": "eyJlMmJmYjczMC1lY2FhLTExZTYtOGY4OC0zNDM2M2JjN2M0YzAiOnsiY3JlYXRlIjoyNDAwMDAwMDAwMDAwLCJkZWxldGUiOjU0MDAwMDAwMDAwMDAsInVwZGF0ZSI6MjQwMDAwMDAwMDAwMH19",
          "dependencies": [
            "data.aws_subnet_ids.subnets",
            "module.ec2_instance.aws_instance.this",
            "module.instance_sg.aws_security_group.sg",
            "module.rds_mysql_instance.aws_db_instance.rds_instace",
            "module.rds_sg.aws_security_group.sg",
            "null_resource.ansible_configuration"
          ]
        }
      ]
    },
    {
      "mode": "managed",
      "type": "aws_autoscaling_group",
      "name": "asg",
      "provider": "provider[\"registry.terraform.io/hashicorp/aws\"]",
      "instances": [
        {
          "schema_version": 0,
          "attributes": {
            "arn": "arn:aws:autoscaling:ap-south-1:532773623179:autoScalingGroup:65352587-0287-46e1-946d-b9db3383f388:autoScalingGroupName/terraform-20210806122143333800000004",
            "availability_zones": [
              "ap-south-1a",
              "ap-south-1b",
              "ap-south-1c"
            ],
            "capacity_rebalance": false,
            "default_cooldown": 300,
            "desired_capacity": 2,
            "enabled_metrics": null,
            "force_delete": false,
            "force_delete_warm_pool": false,
            "health_check_grace_period": 300,
            "health_check_type": "EC2",
            "id": "terraform-20210806122143333800000004",
            "initial_lifecycle_hook": [],
            "instance_refresh": [],
            "launch_configuration": "",
            "launch_template": [
              {
                "id": "lt-0443ed01f3309e037",
                "name": "wordpress20210806122141791000000002",
                "version": "$Latest"
              }
            ],
            "load_balancers": null,
            "max_instance_lifetime": 0,
            "max_size": 2,
            "metrics_granularity": "1Minute",
            "min_elb_capacity": null,
            "min_size": 2,
            "mixed_instances_policy": [],
            "name": "terraform-20210806122143333800000004",
            "name_prefix": "terraform-",
            "placement_group": "",
            "protect_from_scale_in": false,
            "service_linked_role_arn": "arn:aws:iam::532773623179:role/aws-service-role/autoscaling.amazonaws.com/AWSServiceRoleForAutoScaling",
            "suspended_processes": null,
            "tag": [],
            "tags": null,
            "target_group_arns": [
              "arn:aws:elasticloadbalancing:ap-south-1:532773623179:targetgroup/wordpress-tg-a/5ec98eb600d25fdd",
              "arn:aws:elasticloadbalancing:ap-south-1:532773623179:targetgroup/wordpress-tg-b/062f4548d4715260"
            ],
            "termination_policies": null,
            "timeouts": null,
            "vpc_zone_identifier": [
              "subnet-9be2a0d7",
              "subnet-bf1c00d7",
              "subnet-c579edbe"
            ],
            "wait_for_capacity_timeout": "10m",
            "wait_for_elb_capacity": null,
            "warm_pool": []
          },
          "sensitive_attributes": [],
          "private": "eyJlMmJmYjczMC1lY2FhLTExZTYtOGY4OC0zNDM2M2JjN2M0YzAiOnsiZGVsZXRlIjo2MDAwMDAwMDAwMDB9fQ==",
          "dependencies": [
            "aws_ami_from_instance.nginx-wordpress",
            "aws_launch_template.asg_template",
            "data.aws_subnet_ids.subnets",
            "module.ec2_instance.aws_instance.this",
            "module.instance_sg.aws_security_group.sg",
            "module.rds_mysql_instance.aws_db_instance.rds_instace",
            "module.rds_sg.aws_security_group.sg",
            "module.sg_alb.aws_security_group.sg",
            "module.wordpress_alb.aws_lb_target_group.main",
            "null_resource.ansible_configuration"
          ]
        }
      ]
    },
    {
      "mode": "managed",
      "type": "aws_launch_template",
      "name": "asg_template",
      "provider": "provider[\"registry.terraform.io/hashicorp/aws\"]",
      "instances": [
        {
          "schema_version": 0,
          "attributes": {
            "arn": "arn:aws:ec2:ap-south-1:532773623179:launch-template/lt-0443ed01f3309e037",
            "block_device_mappings": [],
            "capacity_reservation_specification": [],
            "cpu_options": [],
            "credit_specification": [],
            "default_version": 1,
            "description": "",
            "disable_api_termination": false,
            "ebs_optimized": "",
            "elastic_gpu_specifications": [],
            "elastic_inference_accelerator": [],
            "enclave_options": [],
            "hibernation_options": [],
            "iam_instance_profile": [],
            "id": "lt-0443ed01f3309e037",
            "image_id": "ami-0482e37623cd2fb05",
            "instance_initiated_shutdown_behavior": "",
            "instance_market_options": [],
            "instance_type": "t2.micro",
            "kernel_id": "",
            "key_name": "devops",
            "latest_version": 1,
            "license_specification": [],
            "metadata_options": [],
            "monitoring": [],
            "name": "wordpress20210806122141791000000002",
            "name_prefix": "wordpress",
            "network_interfaces": [],
            "placement": [],
            "ram_disk_id": "",
            "security_group_names": null,
            "tag_specifications": [
              {
                "resource_type": "instance",
                "tags": {
                  "Name": "ec2-webserver"
                }
              }
            ],
            "tags": null,
            "tags_all": {},
            "update_default_version": null,
            "user_data": "",
            "vpc_security_group_ids": [
              "sg-0d920bf7e7979f62e"
            ]
          },
          "sensitive_attributes": [],
          "private": "bnVsbA==",
          "dependencies": [
            "aws_ami_from_instance.nginx-wordpress",
            "data.aws_subnet_ids.subnets",
            "module.ec2_instance.aws_instance.this",
            "module.instance_sg.aws_security_group.sg",
            "module.rds_mysql_instance.aws_db_instance.rds_instace",
            "module.rds_sg.aws_security_group.sg",
            "null_resource.ansible_configuration"
          ]
        }
      ]
    },
    {
      "mode": "managed",
      "type": "aws_lb_listener",
      "name": "alb_listener",
      "provider": "provider[\"registry.terraform.io/hashicorp/aws\"]",
      "instances": [
        {
          "schema_version": 0,
          "attributes": {
            "alpn_policy": null,
            "arn": "arn:aws:elasticloadbalancing:ap-south-1:532773623179:listener/app/webserver-alb/dea6c24b0e44ddcc/2fe59de4a3bae035",
            "certificate_arn": null,
            "default_action": [
              {
                "authenticate_cognito": [],
                "authenticate_oidc": [],
                "fixed_response": [],
                "forward": [],
                "order": 1,
                "redirect": [],
                "target_group_arn": "arn:aws:elasticloadbalancing:ap-south-1:532773623179:targetgroup/wordpress-tg-a/5ec98eb600d25fdd",
                "type": "forward"
              }
            ],
            "id": "arn:aws:elasticloadbalancing:ap-south-1:532773623179:listener/app/webserver-alb/dea6c24b0e44ddcc/2fe59de4a3bae035",
            "load_balancer_arn": "arn:aws:elasticloadbalancing:ap-south-1:532773623179:loadbalancer/app/webserver-alb/dea6c24b0e44ddcc",
            "port": 80,
            "protocol": "HTTP",
            "ssl_policy": "",
            "tags": null,
            "tags_all": {},
            "timeouts": null
          },
          "sensitive_attributes": [],
          "private": "eyJlMmJmYjczMC1lY2FhLTExZTYtOGY4OC0zNDM2M2JjN2M0YzAiOnsicmVhZCI6NjAwMDAwMDAwMDAwfX0=",
          "dependencies": [
            "data.aws_subnet_ids.subnets",
            "module.sg_alb.aws_security_group.sg",
            "module.wordpress_alb.aws_lb.this",
            "module.wordpress_alb.aws_lb_target_group.main"
          ]
        }
      ]
    },
    {
      "mode": "managed",
      "type": "aws_lb_listener_rule",
      "name": "static",
      "provider": "provider[\"registry.terraform.io/hashicorp/aws\"]",
      "instances": [
        {
          "schema_version": 0,
          "attributes": {
            "action": [
              {
                "authenticate_cognito": [],
                "authenticate_oidc": [],
                "fixed_response": [],
                "forward": [
                  {
                    "stickiness": [
                      {
                        "duration": 0,
                        "enabled": false
                      }
                    ],
                    "target_group": [
                      {
                        "arn": "arn:aws:elasticloadbalancing:ap-south-1:532773623179:targetgroup/wordpress-tg-a/5ec98eb600d25fdd",
                        "weight": 50
                      },
                      {
                        "arn": "arn:aws:elasticloadbalancing:ap-south-1:532773623179:targetgroup/wordpress-tg-b/062f4548d4715260",
                        "weight": 50
                      }
                    ]
                  }
                ],
                "order": 1,
                "redirect": [],
                "target_group_arn": "",
                "type": "forward"
              }
            ],
            "arn": "arn:aws:elasticloadbalancing:ap-south-1:532773623179:listener-rule/app/webserver-alb/dea6c24b0e44ddcc/2fe59de4a3bae035/6b8faf0ebd682820",
            "condition": [
              {
                "host_header": [],
                "http_header": [],
                "http_request_method": [],
                "path_pattern": [
                  {
                    "values": [
                      "*"
                    ]
                  }
                ],
                "query_string": [],
                "source_ip": []
              }
            ],
            "id": "arn:aws:elasticloadbalancing:ap-south-1:532773623179:listener-rule/app/webserver-alb/dea6c24b0e44ddcc/2fe59de4a3bae035/6b8faf0ebd682820",
            "listener_arn": "arn:aws:elasticloadbalancing:ap-south-1:532773623179:listener/app/webserver-alb/dea6c24b0e44ddcc/2fe59de4a3bae035",
            "priority": 100,
            "tags": null,
            "tags_all": {}
          },
          "sensitive_attributes": [],
          "private": "bnVsbA==",
          "dependencies": [
            "aws_lb_listener.alb_listener",
            "data.aws_subnet_ids.subnets",
            "module.sg_alb.aws_security_group.sg",
            "module.wordpress_alb.aws_lb.this",
            "module.wordpress_alb.aws_lb_target_group.main"
          ]
        }
      ]
    },
    {
      "mode": "managed",
      "type": "null_resource",
      "name": "ansible_configuration",
      "provider": "provider[\"registry.terraform.io/hashicorp/null\"]",
      "instances": [
        {
          "index_key": 0,
          "schema_version": 0,
          "attributes": {
            "id": "2629329139899611682",
            "triggers": null
          },
          "sensitive_attributes": [],
          "private": "bnVsbA==",
          "dependencies": [
            "data.aws_subnet_ids.subnets",
            "module.ec2_instance.aws_instance.this",
            "module.instance_sg.aws_security_group.sg",
            "module.rds_mysql_instance.aws_db_instance.rds_instace",
            "module.rds_sg.aws_security_group.sg"
          ]
        }
      ]
    },
    {
      "module": "module.ec2_instance[0]",
      "mode": "managed",
      "type": "aws_instance",
      "name": "this",
      "provider": "provider[\"registry.terraform.io/hashicorp/aws\"]",
      "instances": [
        {
          "schema_version": 1,
          "attributes": {
            "ami": "ami-0c1a7f89451184c8b",
            "arn": "arn:aws:ec2:ap-south-1:532773623179:instance/i-06e6f24e45a76f01a",
            "associate_public_ip_address": true,
            "availability_zone": "ap-south-1b",
            "capacity_reservation_specification": [
              {
                "capacity_reservation_preference": "open",
                "capacity_reservation_target": []
              }
            ],
            "cpu_core_count": 1,
            "cpu_threads_per_core": 1,
            "credit_specification": [
              {
                "cpu_credits": "standard"
              }
            ],
            "disable_api_termination": false,
            "ebs_block_device": [],
            "ebs_optimized": false,
            "enclave_options": [
              {
                "enabled": false
              }
            ],
            "ephemeral_block_device": [],
            "get_password_data": false,
            "hibernation": false,
            "host_id": null,
            "iam_instance_profile": "",
            "id": "i-06e6f24e45a76f01a",
            "instance_initiated_shutdown_behavior": "stop",
            "instance_state": "running",
            "instance_type": "t2.micro",
            "ipv6_address_count": 0,
            "ipv6_addresses": [],
            "key_name": "devops",
            "launch_template": [],
            "metadata_options": [
              {
                "http_endpoint": "enabled",
                "http_put_response_hop_limit": 1,
                "http_tokens": "optional"
              }
            ],
            "monitoring": false,
            "network_interface": [],
            "outpost_arn": "",
            "password_data": "",
            "placement_group": "",
            "primary_network_interface_id": "eni-02b303d8a5c50c863",
            "private_dns": "ip-172-31-3-4.ap-south-1.compute.internal",
            "private_ip": "172.31.3.4",
            "public_dns": "ec2-13-126-139-195.ap-south-1.compute.amazonaws.com",
            "public_ip": "13.126.139.195",
            "root_block_device": [
              {
                "delete_on_termination": true,
                "device_name": "/dev/sda1",
                "encrypted": false,
                "iops": 100,
                "kms_key_id": "",
                "tags": {},
                "throughput": 0,
                "volume_id": "vol-0a9e2cfe465a94af1",
                "volume_size": 8,
                "volume_type": "gp2"
              }
            ],
            "secondary_private_ips": [],
            "security_groups": [
              "webserver-sg"
            ],
            "source_dest_check": true,
            "subnet_id": "subnet-9be2a0d7",
            "tags": {
              "Name": "ec2-webserver"
            },
            "tags_all": {
              "Name": "ec2-webserver"
            },
            "tenancy": "default",
            "timeouts": null,
            "user_data": null,
            "user_data_base64": null,
            "volume_tags": null,
            "vpc_security_group_ids": [
              "sg-0d920bf7e7979f62e"
            ]
          },
          "sensitive_attributes": [],
          "private": "eyJlMmJmYjczMC1lY2FhLTExZTYtOGY4OC0zNDM2M2JjN2M0YzAiOnsiY3JlYXRlIjo2MDAwMDAwMDAwMDAsImRlbGV0ZSI6MTIwMDAwMDAwMDAwMCwidXBkYXRlIjo2MDAwMDAwMDAwMDB9LCJzY2hlbWFfdmVyc2lvbiI6IjEifQ==",
          "dependencies": [
            "data.aws_subnet_ids.subnets",
            "module.instance_sg.aws_security_group.sg"
          ]
        }
      ]
    },
    {
      "module": "module.instance_sg",
      "mode": "managed",
      "type": "aws_security_group",
      "name": "sg",
      "provider": "provider[\"registry.terraform.io/hashicorp/aws\"]",
      "instances": [
        {
          "schema_version": 1,
          "attributes": {
            "arn": "arn:aws:ec2:ap-south-1:532773623179:security-group/sg-0d920bf7e7979f62e",
            "description": "security-group",
            "egress": [
              {
                "cidr_blocks": [
                  "0.0.0.0/0"
                ],
                "description": "",
                "from_port": 0,
                "ipv6_cidr_blocks": [
                  "::/0"
                ],
                "prefix_list_ids": [],
                "protocol": "-1",
                "security_groups": [],
                "self": false,
                "to_port": 0
              }
            ],
            "id": "sg-0d920bf7e7979f62e",
            "ingress": [
              {
                "cidr_blocks": [
                  "0.0.0.0/0"
                ],
                "description": "",
                "from_port": 22,
                "ipv6_cidr_blocks": [],
                "prefix_list_ids": [],
                "protocol": "tcp",
                "security_groups": [],
                "self": false,
                "to_port": 22
              },
              {
                "cidr_blocks": [
                  "0.0.0.0/0"
                ],
                "description": "",
                "from_port": 80,
                "ipv6_cidr_blocks": [],
                "prefix_list_ids": [],
                "protocol": "tcp",
                "security_groups": [],
                "self": false,
                "to_port": 80
              },
              {
                "cidr_blocks": [
                  "0.0.0.0/0"
                ],
                "description": "",
                "from_port": 9100,
                "ipv6_cidr_blocks": [],
                "prefix_list_ids": [],
                "protocol": "tcp",
                "security_groups": [],
                "self": false,
                "to_port": 9100
              }
            ],
            "name": "webserver-sg",
            "name_prefix": "",
            "owner_id": "532773623179",
            "revoke_rules_on_delete": false,
            "tags": {
              "Name": "security-group"
            },
            "tags_all": {
              "Name": "security-group"
            },
            "timeouts": null,
            "vpc_id": "vpc-8fc334e4"
          },
          "sensitive_attributes": [],
          "private": "eyJlMmJmYjczMC1lY2FhLTExZTYtOGY4OC0zNDM2M2JjN2M0YzAiOnsiY3JlYXRlIjo2MDAwMDAwMDAwMDAsImRlbGV0ZSI6OTAwMDAwMDAwMDAwfSwic2NoZW1hX3ZlcnNpb24iOiIxIn0="
        }
      ]
    },
    {
      "module": "module.rds_mysql_instance",
      "mode": "managed",
      "type": "aws_db_instance",
      "name": "rds_instace",
      "provider": "provider[\"registry.terraform.io/hashicorp/aws\"]",
      "instances": [
        {
          "schema_version": 1,
          "attributes": {
            "address": "terraform-20210806121106121100000001.chrpy8wuqlfu.ap-south-1.rds.amazonaws.com",
            "allocated_storage": 10,
            "allow_major_version_upgrade": null,
            "apply_immediately": null,
            "arn": "arn:aws:rds:ap-south-1:532773623179:db:terraform-20210806121106121100000001",
            "auto_minor_version_upgrade": true,
            "availability_zone": "ap-south-1b",
            "backup_retention_period": 0,
            "backup_window": "19:47-20:17",
            "ca_cert_identifier": "rds-ca-2019",
            "character_set_name": "",
            "copy_tags_to_snapshot": false,
            "customer_owned_ip_enabled": false,
            "db_subnet_group_name": "default",
            "delete_automated_backups": true,
            "deletion_protection": false,
            "domain": "",
            "domain_iam_role_name": "",
            "enabled_cloudwatch_logs_exports": null,
            "endpoint": "terraform-20210806121106121100000001.chrpy8wuqlfu.ap-south-1.rds.amazonaws.com:3306",
            "engine": "mysql",
            "engine_version": "5.7.33",
            "final_snapshot_identifier": null,
            "hosted_zone_id": "Z2VFMSZA74J7XZ",
            "iam_database_authentication_enabled": false,
            "id": "terraform-20210806121106121100000001",
            "identifier": "terraform-20210806121106121100000001",
            "identifier_prefix": null,
            "instance_class": "db.t2.micro",
            "iops": 0,
            "kms_key_id": "",
            "latest_restorable_time": "0001-01-01T00:00:00Z",
            "license_model": "general-public-license",
            "maintenance_window": "thu:12:21-thu:12:51",
            "max_allocated_storage": 1000,
            "monitoring_interval": 0,
            "monitoring_role_arn": "",
            "multi_az": false,
            "name": "wordpress_db",
            "nchar_character_set_name": "",
            "option_group_name": "default:mysql-5-7",
            "parameter_group_name": "default.mysql5.7",
            "password": "9aiv5e78",
            "performance_insights_enabled": false,
            "performance_insights_kms_key_id": "",
            "performance_insights_retention_period": 0,
            "port": 3306,
            "publicly_accessible": true,
            "replicas": [],
            "replicate_source_db": "",
            "resource_id": "db-OYME2LSD2ASTUMZOXBFJNIQVFQ",
            "restore_to_point_in_time": [],
            "s3_import": [],
            "security_group_names": null,
            "skip_final_snapshot": true,
            "snapshot_identifier": null,
            "status": "available",
            "storage_encrypted": false,
            "storage_type": "gp2",
            "tags": {
              "Name": "wordpress-backend-mysql"
            },
            "tags_all": {
              "Name": "wordpress-backend-mysql"
            },
            "timeouts": null,
            "timezone": "",
            "username": "root",
            "vpc_security_group_ids": [
              "sg-05b15b51901d98cb9"
            ]
          },
          "sensitive_attributes": [],
          "private": "eyJlMmJmYjczMC1lY2FhLTExZTYtOGY4OC0zNDM2M2JjN2M0YzAiOnsiY3JlYXRlIjoyNDAwMDAwMDAwMDAwLCJkZWxldGUiOjM2MDAwMDAwMDAwMDAsInVwZGF0ZSI6NDgwMDAwMDAwMDAwMH0sInNjaGVtYV92ZXJzaW9uIjoiMSJ9",
          "dependencies": [
            "module.rds_sg.aws_security_group.sg"
          ]
        }
      ]
    },
    {
      "module": "module.rds_sg",
      "mode": "managed",
      "type": "aws_security_group",
      "name": "sg",
      "provider": "provider[\"registry.terraform.io/hashicorp/aws\"]",
      "instances": [
        {
          "schema_version": 1,
          "attributes": {
            "arn": "arn:aws:ec2:ap-south-1:532773623179:security-group/sg-05b15b51901d98cb9",
            "description": "security-group",
            "egress": [
              {
                "cidr_blocks": [
                  "0.0.0.0/0"
                ],
                "description": "",
                "from_port": 0,
                "ipv6_cidr_blocks": [
                  "::/0"
                ],
                "prefix_list_ids": [],
                "protocol": "-1",
                "security_groups": [],
                "self": false,
                "to_port": 0
              }
            ],
            "id": "sg-05b15b51901d98cb9",
            "ingress": [
              {
                "cidr_blocks": [
                  "0.0.0.0/0"
                ],
                "description": "",
                "from_port": 3306,
                "ipv6_cidr_blocks": [],
                "prefix_list_ids": [],
                "protocol": "tcp",
                "security_groups": [],
                "self": false,
                "to_port": 3306
              }
            ],
            "name": "rds_mysql_sg",
            "name_prefix": "",
            "owner_id": "532773623179",
            "revoke_rules_on_delete": false,
            "tags": {
              "Name": "security-group"
            },
            "tags_all": {
              "Name": "security-group"
            },
            "timeouts": null,
            "vpc_id": "vpc-8fc334e4"
          },
          "sensitive_attributes": [],
          "private": "eyJlMmJmYjczMC1lY2FhLTExZTYtOGY4OC0zNDM2M2JjN2M0YzAiOnsiY3JlYXRlIjo2MDAwMDAwMDAwMDAsImRlbGV0ZSI6OTAwMDAwMDAwMDAwfSwic2NoZW1hX3ZlcnNpb24iOiIxIn0="
        }
      ]
    },
    {
      "module": "module.sg_alb",
      "mode": "managed",
      "type": "aws_security_group",
      "name": "sg",
      "provider": "provider[\"registry.terraform.io/hashicorp/aws\"]",
      "instances": [
        {
          "schema_version": 1,
          "attributes": {
            "arn": "arn:aws:ec2:ap-south-1:532773623179:security-group/sg-00c847d47d7a88e89",
            "description": "security-group",
            "egress": [
              {
                "cidr_blocks": [
                  "0.0.0.0/0"
                ],
                "description": "",
                "from_port": 0,
                "ipv6_cidr_blocks": [
                  "::/0"
                ],
                "prefix_list_ids": [],
                "protocol": "-1",
                "security_groups": [],
                "self": false,
                "to_port": 0
              }
            ],
            "id": "sg-00c847d47d7a88e89",
            "ingress": [
              {
                "cidr_blocks": [
                  "0.0.0.0/0"
                ],
                "description": "",
                "from_port": 80,
                "ipv6_cidr_blocks": [],
                "prefix_list_ids": [],
                "protocol": "tcp",
                "security_groups": [],
                "self": false,
                "to_port": 80
              }
            ],
            "name": "alb",
            "name_prefix": "",
            "owner_id": "532773623179",
            "revoke_rules_on_delete": false,
            "tags": {
              "Name": "security-group"
            },
            "tags_all": {
              "Name": "security-group"
            },
            "timeouts": null,
            "vpc_id": "vpc-8fc334e4"
          },
          "sensitive_attributes": [],
          "private": "eyJlMmJmYjczMC1lY2FhLTExZTYtOGY4OC0zNDM2M2JjN2M0YzAiOnsiY3JlYXRlIjo2MDAwMDAwMDAwMDAsImRlbGV0ZSI6OTAwMDAwMDAwMDAwfSwic2NoZW1hX3ZlcnNpb24iOiIxIn0="
        }
      ]
    },
    {
      "module": "module.wordpress_alb",
      "mode": "managed",
      "type": "aws_lb",
      "name": "this",
      "provider": "provider[\"registry.terraform.io/hashicorp/aws\"]",
      "instances": [
        {
          "index_key": 0,
          "schema_version": 0,
          "attributes": {
            "access_logs": [
              {
                "bucket": "",
                "enabled": false,
                "prefix": ""
              }
            ],
            "arn": "arn:aws:elasticloadbalancing:ap-south-1:532773623179:loadbalancer/app/webserver-alb/dea6c24b0e44ddcc",
            "arn_suffix": "app/webserver-alb/dea6c24b0e44ddcc",
            "customer_owned_ipv4_pool": "",
            "dns_name": "webserver-alb-1310622166.ap-south-1.elb.amazonaws.com",
            "drop_invalid_header_fields": false,
            "enable_cross_zone_load_balancing": null,
            "enable_deletion_protection": false,
            "enable_http2": true,
            "id": "arn:aws:elasticloadbalancing:ap-south-1:532773623179:loadbalancer/app/webserver-alb/dea6c24b0e44ddcc",
            "idle_timeout": 60,
            "internal": false,
            "ip_address_type": "ipv4",
            "load_balancer_type": "application",
            "name": "webserver-alb",
            "name_prefix": null,
            "security_groups": [
              "sg-00c847d47d7a88e89"
            ],
            "subnet_mapping": [
              {
                "allocation_id": "",
                "ipv6_address": "",
                "outpost_id": "",
                "private_ipv4_address": "",
                "subnet_id": "subnet-9be2a0d7"
              },
              {
                "allocation_id": "",
                "ipv6_address": "",
                "outpost_id": "",
                "private_ipv4_address": "",
                "subnet_id": "subnet-bf1c00d7"
              },
              {
                "allocation_id": "",
                "ipv6_address": "",
                "outpost_id": "",
                "private_ipv4_address": "",
                "subnet_id": "subnet-c579edbe"
              }
            ],
            "subnets": [
              "subnet-9be2a0d7",
              "subnet-bf1c00d7",
              "subnet-c579edbe"
            ],
            "tags": {
              "Name": "Wordpress Application Load Balancer"
            },
            "tags_all": {
              "Name": "Wordpress Application Load Balancer"
            },
            "timeouts": null,
            "vpc_id": "vpc-8fc334e4",
            "zone_id": "ZP97RAFLXTNZK"
          },
          "sensitive_attributes": [],
          "private": "eyJlMmJmYjczMC1lY2FhLTExZTYtOGY4OC0zNDM2M2JjN2M0YzAiOnsiY3JlYXRlIjo2MDAwMDAwMDAwMDAsImRlbGV0ZSI6NjAwMDAwMDAwMDAwLCJ1cGRhdGUiOjYwMDAwMDAwMDAwMH19",
          "dependencies": [
            "data.aws_subnet_ids.subnets",
            "module.sg_alb.aws_security_group.sg"
          ]
        }
      ]
    },
    {
      "module": "module.wordpress_alb",
      "mode": "managed",
      "type": "aws_lb_target_group",
      "name": "main",
      "provider": "provider[\"registry.terraform.io/hashicorp/aws\"]",
      "instances": [
        {
          "index_key": 0,
          "schema_version": 0,
          "attributes": {
            "arn": "arn:aws:elasticloadbalancing:ap-south-1:532773623179:targetgroup/wordpress-tg-a/5ec98eb600d25fdd",
            "arn_suffix": "targetgroup/wordpress-tg-a/5ec98eb600d25fdd",
            "deregistration_delay": 300,
            "health_check": [
              {
                "enabled": true,
                "healthy_threshold": 5,
                "interval": 30,
                "matcher": "200",
                "path": "/",
                "port": "traffic-port",
                "protocol": "HTTP",
                "timeout": 5,
                "unhealthy_threshold": 2
              }
            ],
            "id": "arn:aws:elasticloadbalancing:ap-south-1:532773623179:targetgroup/wordpress-tg-a/5ec98eb600d25fdd",
            "lambda_multi_value_headers_enabled": false,
            "load_balancing_algorithm_type": "round_robin",
            "name": "wordpress-tg-a",
            "name_prefix": null,
            "port": 80,
            "preserve_client_ip": null,
            "protocol": "HTTP",
            "protocol_version": "HTTP1",
            "proxy_protocol_v2": false,
            "slow_start": 0,
            "stickiness": [
              {
                "cookie_duration": 86400,
                "cookie_name": "",
                "enabled": false,
                "type": "lb_cookie"
              }
            ],
            "tags": null,
            "tags_all": {},
            "target_type": "instance",
            "vpc_id": "vpc-8fc334e4"
          },
          "sensitive_attributes": [],
          "private": "bnVsbA==",
          "dependencies": [
            "module.sg_alb.aws_security_group.sg"
          ]
        },
        {
          "index_key": 1,
          "schema_version": 0,
          "attributes": {
            "arn": "arn:aws:elasticloadbalancing:ap-south-1:532773623179:targetgroup/wordpress-tg-b/062f4548d4715260",
            "arn_suffix": "targetgroup/wordpress-tg-b/062f4548d4715260",
            "deregistration_delay": 300,
            "health_check": [
              {
                "enabled": true,
                "healthy_threshold": 5,
                "interval": 30,
                "matcher": "200",
                "path": "/",
                "port": "traffic-port",
                "protocol": "HTTP",
                "timeout": 5,
                "unhealthy_threshold": 2
              }
            ],
            "id": "arn:aws:elasticloadbalancing:ap-south-1:532773623179:targetgroup/wordpress-tg-b/062f4548d4715260",
            "lambda_multi_value_headers_enabled": false,
            "load_balancing_algorithm_type": "round_robin",
            "name": "wordpress-tg-b",
            "name_prefix": null,
            "port": 80,
            "preserve_client_ip": null,
            "protocol": "HTTP",
            "protocol_version": "HTTP1",
            "proxy_protocol_v2": false,
            "slow_start": 0,
            "stickiness": [
              {
                "cookie_duration": 86400,
                "cookie_name": "",
                "enabled": false,
                "type": "lb_cookie"
              }
            ],
            "tags": null,
            "tags_all": {},
            "target_type": "instance",
            "vpc_id": "vpc-8fc334e4"
          },
          "sensitive_attributes": [],
          "private": "bnVsbA==",
          "dependencies": [
            "module.sg_alb.aws_security_group.sg"
          ]
        }
      ]
    }
  ]
}
